// !$*UTF8*$!
{
	archiveVersion = 1;
	classes = {
	};
	objectVersion = 46;
	objects = {

/* Begin PBXBuildFile section */
		302101A27C81453F8DD1AE1F /* Pods_Octowire.framework in Frameworks */ = {isa = PBXBuildFile; fileRef = D2BF6D2D02B5AE043238280E /* Pods_Octowire.framework */; };
		A326AEF8911C6D174C1F2525 /* Pods_OctowireUITests.framework in Frameworks */ = {isa = PBXBuildFile; fileRef = 9FA03CC8771A538D39D41B56 /* Pods_OctowireUITests.framework */; };
		C120F3B61E6093B00025FC38 /* AppState.swift in Sources */ = {isa = PBXBuildFile; fileRef = C120F3B51E6093B00025FC38 /* AppState.swift */; };
		C120F3BB1E6098190025FC38 /* ToastModel.swift in Sources */ = {isa = PBXBuildFile; fileRef = C120F3BA1E6098190025FC38 /* ToastModel.swift */; };
		C120F3BD1E60985A0025FC38 /* ToastActions.swift in Sources */ = {isa = PBXBuildFile; fileRef = C120F3BC1E60985A0025FC38 /* ToastActions.swift */; };
		C120F3BF1E60A8390025FC38 /* ToastReducer.swift in Sources */ = {isa = PBXBuildFile; fileRef = C120F3BE1E60A8390025FC38 /* ToastReducer.swift */; };
		C120F3C11E60A9050025FC38 /* AppReducer.swift in Sources */ = {isa = PBXBuildFile; fileRef = C120F3C01E60A9050025FC38 /* AppReducer.swift */; };
		C120F3C31E60AA0F0025FC38 /* EventsReducer.swift in Sources */ = {isa = PBXBuildFile; fileRef = C120F3C21E60AA0F0025FC38 /* EventsReducer.swift */; };
		C120F3C61E60B6BC0025FC38 /* ToastStateSpec.swift in Sources */ = {isa = PBXBuildFile; fileRef = C120F3C51E60B6BC0025FC38 /* ToastStateSpec.swift */; };
		C120F3C91E60CB120025FC38 /* EventsState.swift in Sources */ = {isa = PBXBuildFile; fileRef = C120F3C81E60CB120025FC38 /* EventsState.swift */; };
		C120F3CB1E60CB2A0025FC38 /* ToastState.swift in Sources */ = {isa = PBXBuildFile; fileRef = C120F3CA1E60CB2A0025FC38 /* ToastState.swift */; };
		C120F3CD1E60CB3B0025FC38 /* NavigationState.swift in Sources */ = {isa = PBXBuildFile; fileRef = C120F3CC1E60CB3B0025FC38 /* NavigationState.swift */; };
		C120F3CF1E60CC240025FC38 /* NavigationActions.swift in Sources */ = {isa = PBXBuildFile; fileRef = C120F3CE1E60CC240025FC38 /* NavigationActions.swift */; };
		C120F3D11E60CF880025FC38 /* NavigationReducer.swift in Sources */ = {isa = PBXBuildFile; fileRef = C120F3D01E60CF880025FC38 /* NavigationReducer.swift */; };
		C120F3D31E60DCEF0025FC38 /* Routes.swift in Sources */ = {isa = PBXBuildFile; fileRef = C120F3D21E60DCEF0025FC38 /* Routes.swift */; };
		C120F3D51E60E8A10025FC38 /* NavigationStateSpec.swift in Sources */ = {isa = PBXBuildFile; fileRef = C120F3D41E60E8A10025FC38 /* NavigationStateSpec.swift */; };
		C17056EC1E6102800050C15D /* EventsViewController.swift in Sources */ = {isa = PBXBuildFile; fileRef = C17056EB1E6102800050C15D /* EventsViewController.swift */; };
		C17056EE1E61028D0050C15D /* UserProfileViewController.swift in Sources */ = {isa = PBXBuildFile; fileRef = C17056ED1E61028D0050C15D /* UserProfileViewController.swift */; };
		C1B758341E6045900084D67E /* AppDelegate.swift in Sources */ = {isa = PBXBuildFile; fileRef = C1B758331E6045900084D67E /* AppDelegate.swift */; };
		C1B758361E6045900084D67E /* NavigationController.swift in Sources */ = {isa = PBXBuildFile; fileRef = C1B758351E6045900084D67E /* NavigationController.swift */; };
		C1B758391E6045900084D67E /* Main.storyboard in Resources */ = {isa = PBXBuildFile; fileRef = C1B758371E6045900084D67E /* Main.storyboard */; };
		C1B7583B1E6045900084D67E /* Assets.xcassets in Resources */ = {isa = PBXBuildFile; fileRef = C1B7583A1E6045900084D67E /* Assets.xcassets */; };
		C1B7583E1E6045900084D67E /* LaunchScreen.storyboard in Resources */ = {isa = PBXBuildFile; fileRef = C1B7583C1E6045900084D67E /* LaunchScreen.storyboard */; };
		C1B758541E6045900084D67E /* OctowireUITests.swift in Sources */ = {isa = PBXBuildFile; fileRef = C1B758531E6045900084D67E /* OctowireUITests.swift */; };
		CE3831A5D5C065605C2AD696 /* Pods_OctowireTests.framework in Frameworks */ = {isa = PBXBuildFile; fileRef = 0D6C5A84F732F9F7CADA58C1 /* Pods_OctowireTests.framework */; };
/* End PBXBuildFile section */

/* Begin PBXContainerItemProxy section */
		C1B758451E6045900084D67E /* PBXContainerItemProxy */ = {
			isa = PBXContainerItemProxy;
			containerPortal = C1B758281E6045900084D67E /* Project object */;
			proxyType = 1;
			remoteGlobalIDString = C1B7582F1E6045900084D67E;
			remoteInfo = Octowire;
		};
		C1B758501E6045900084D67E /* PBXContainerItemProxy */ = {
			isa = PBXContainerItemProxy;
			containerPortal = C1B758281E6045900084D67E /* Project object */;
			proxyType = 1;
			remoteGlobalIDString = C1B7582F1E6045900084D67E;
			remoteInfo = Octowire;
		};
/* End PBXContainerItemProxy section */

/* Begin PBXFileReference section */
		0D6C5A84F732F9F7CADA58C1 /* Pods_OctowireTests.framework */ = {isa = PBXFileReference; explicitFileType = wrapper.framework; includeInIndex = 0; path = Pods_OctowireTests.framework; sourceTree = BUILT_PRODUCTS_DIR; };
		52FD014841187E2D52C5FC76 /* Pods-Octowire.release.xcconfig */ = {isa = PBXFileReference; includeInIndex = 1; lastKnownFileType = text.xcconfig; name = "Pods-Octowire.release.xcconfig"; path = "Pods/Target Support Files/Pods-Octowire/Pods-Octowire.release.xcconfig"; sourceTree = "<group>"; };
		8CB30126E6E0074B84C33716 /* Pods-OctowireUITests.debug.xcconfig */ = {isa = PBXFileReference; includeInIndex = 1; lastKnownFileType = text.xcconfig; name = "Pods-OctowireUITests.debug.xcconfig"; path = "Pods/Target Support Files/Pods-OctowireUITests/Pods-OctowireUITests.debug.xcconfig"; sourceTree = "<group>"; };
		937DECB61A317CDF8735FA2C /* Pods-OctowireTests.debug.xcconfig */ = {isa = PBXFileReference; includeInIndex = 1; lastKnownFileType = text.xcconfig; name = "Pods-OctowireTests.debug.xcconfig"; path = "Pods/Target Support Files/Pods-OctowireTests/Pods-OctowireTests.debug.xcconfig"; sourceTree = "<group>"; };
		9FA03CC8771A538D39D41B56 /* Pods_OctowireUITests.framework */ = {isa = PBXFileReference; explicitFileType = wrapper.framework; includeInIndex = 0; path = Pods_OctowireUITests.framework; sourceTree = BUILT_PRODUCTS_DIR; };
		C120F3B51E6093B00025FC38 /* AppState.swift */ = {isa = PBXFileReference; fileEncoding = 4; lastKnownFileType = sourcecode.swift; path = AppState.swift; sourceTree = "<group>"; };
		C120F3BA1E6098190025FC38 /* ToastModel.swift */ = {isa = PBXFileReference; fileEncoding = 4; lastKnownFileType = sourcecode.swift; path = ToastModel.swift; sourceTree = "<group>"; };
		C120F3BC1E60985A0025FC38 /* ToastActions.swift */ = {isa = PBXFileReference; fileEncoding = 4; lastKnownFileType = sourcecode.swift; path = ToastActions.swift; sourceTree = "<group>"; };
		C120F3BE1E60A8390025FC38 /* ToastReducer.swift */ = {isa = PBXFileReference; fileEncoding = 4; lastKnownFileType = sourcecode.swift; path = ToastReducer.swift; sourceTree = "<group>"; };
		C120F3C01E60A9050025FC38 /* AppReducer.swift */ = {isa = PBXFileReference; fileEncoding = 4; lastKnownFileType = sourcecode.swift; path = AppReducer.swift; sourceTree = "<group>"; };
		C120F3C21E60AA0F0025FC38 /* EventsReducer.swift */ = {isa = PBXFileReference; fileEncoding = 4; lastKnownFileType = sourcecode.swift; path = EventsReducer.swift; sourceTree = "<group>"; };
		C120F3C51E60B6BC0025FC38 /* ToastStateSpec.swift */ = {isa = PBXFileReference; fileEncoding = 4; lastKnownFileType = sourcecode.swift; path = ToastStateSpec.swift; sourceTree = "<group>"; };
		C120F3C81E60CB120025FC38 /* EventsState.swift */ = {isa = PBXFileReference; fileEncoding = 4; lastKnownFileType = sourcecode.swift; path = EventsState.swift; sourceTree = "<group>"; };
		C120F3CA1E60CB2A0025FC38 /* ToastState.swift */ = {isa = PBXFileReference; fileEncoding = 4; lastKnownFileType = sourcecode.swift; path = ToastState.swift; sourceTree = "<group>"; };
		C120F3CC1E60CB3B0025FC38 /* NavigationState.swift */ = {isa = PBXFileReference; fileEncoding = 4; lastKnownFileType = sourcecode.swift; path = NavigationState.swift; sourceTree = "<group>"; };
		C120F3CE1E60CC240025FC38 /* NavigationActions.swift */ = {isa = PBXFileReference; fileEncoding = 4; lastKnownFileType = sourcecode.swift; path = NavigationActions.swift; sourceTree = "<group>"; };
		C120F3D01E60CF880025FC38 /* NavigationReducer.swift */ = {isa = PBXFileReference; fileEncoding = 4; lastKnownFileType = sourcecode.swift; path = NavigationReducer.swift; sourceTree = "<group>"; };
		C120F3D21E60DCEF0025FC38 /* Routes.swift */ = {isa = PBXFileReference; fileEncoding = 4; lastKnownFileType = sourcecode.swift; path = Routes.swift; sourceTree = "<group>"; };
		C120F3D41E60E8A10025FC38 /* NavigationStateSpec.swift */ = {isa = PBXFileReference; fileEncoding = 4; lastKnownFileType = sourcecode.swift; path = NavigationStateSpec.swift; sourceTree = "<group>"; };
		C17056EB1E6102800050C15D /* EventsViewController.swift */ = {isa = PBXFileReference; fileEncoding = 4; lastKnownFileType = sourcecode.swift; path = EventsViewController.swift; sourceTree = "<group>"; };
		C17056ED1E61028D0050C15D /* UserProfileViewController.swift */ = {isa = PBXFileReference; fileEncoding = 4; lastKnownFileType = sourcecode.swift; path = UserProfileViewController.swift; sourceTree = "<group>"; };
		C1B758301E6045900084D67E /* Octowire.app */ = {isa = PBXFileReference; explicitFileType = wrapper.application; includeInIndex = 0; path = Octowire.app; sourceTree = BUILT_PRODUCTS_DIR; };
		C1B758331E6045900084D67E /* AppDelegate.swift */ = {isa = PBXFileReference; lastKnownFileType = sourcecode.swift; path = AppDelegate.swift; sourceTree = "<group>"; };
		C1B758351E6045900084D67E /* NavigationController.swift */ = {isa = PBXFileReference; lastKnownFileType = sourcecode.swift; path = NavigationController.swift; sourceTree = "<group>"; };
		C1B758381E6045900084D67E /* Base */ = {isa = PBXFileReference; lastKnownFileType = file.storyboard; name = Base; path = Base.lproj/Main.storyboard; sourceTree = "<group>"; };
		C1B7583A1E6045900084D67E /* Assets.xcassets */ = {isa = PBXFileReference; lastKnownFileType = folder.assetcatalog; path = Assets.xcassets; sourceTree = "<group>"; };
		C1B7583D1E6045900084D67E /* Base */ = {isa = PBXFileReference; lastKnownFileType = file.storyboard; name = Base; path = Base.lproj/LaunchScreen.storyboard; sourceTree = "<group>"; };
		C1B7583F1E6045900084D67E /* Info.plist */ = {isa = PBXFileReference; lastKnownFileType = text.plist.xml; path = Info.plist; sourceTree = "<group>"; };
		C1B758441E6045900084D67E /* OctowireTests.xctest */ = {isa = PBXFileReference; explicitFileType = wrapper.cfbundle; includeInIndex = 0; path = OctowireTests.xctest; sourceTree = BUILT_PRODUCTS_DIR; };
		C1B7584A1E6045900084D67E /* Info.plist */ = {isa = PBXFileReference; lastKnownFileType = text.plist.xml; path = Info.plist; sourceTree = "<group>"; };
		C1B7584F1E6045900084D67E /* OctowireUITests.xctest */ = {isa = PBXFileReference; explicitFileType = wrapper.cfbundle; includeInIndex = 0; path = OctowireUITests.xctest; sourceTree = BUILT_PRODUCTS_DIR; };
		C1B758531E6045900084D67E /* OctowireUITests.swift */ = {isa = PBXFileReference; lastKnownFileType = sourcecode.swift; path = OctowireUITests.swift; sourceTree = "<group>"; };
		C1B758551E6045900084D67E /* Info.plist */ = {isa = PBXFileReference; lastKnownFileType = text.plist.xml; path = Info.plist; sourceTree = "<group>"; };
		D2BF6D2D02B5AE043238280E /* Pods_Octowire.framework */ = {isa = PBXFileReference; explicitFileType = wrapper.framework; includeInIndex = 0; path = Pods_Octowire.framework; sourceTree = BUILT_PRODUCTS_DIR; };
		D396AC5C41854E7E176F7633 /* Pods-OctowireTests.release.xcconfig */ = {isa = PBXFileReference; includeInIndex = 1; lastKnownFileType = text.xcconfig; name = "Pods-OctowireTests.release.xcconfig"; path = "Pods/Target Support Files/Pods-OctowireTests/Pods-OctowireTests.release.xcconfig"; sourceTree = "<group>"; };
		D3F399EFB0CCC8B69ED9A467 /* Pods-OctowireUITests.release.xcconfig */ = {isa = PBXFileReference; includeInIndex = 1; lastKnownFileType = text.xcconfig; name = "Pods-OctowireUITests.release.xcconfig"; path = "Pods/Target Support Files/Pods-OctowireUITests/Pods-OctowireUITests.release.xcconfig"; sourceTree = "<group>"; };
		F9E0D7FBA0334DE7CEA58461 /* Pods-Octowire.debug.xcconfig */ = {isa = PBXFileReference; includeInIndex = 1; lastKnownFileType = text.xcconfig; name = "Pods-Octowire.debug.xcconfig"; path = "Pods/Target Support Files/Pods-Octowire/Pods-Octowire.debug.xcconfig"; sourceTree = "<group>"; };
/* End PBXFileReference section */

/* Begin PBXFrameworksBuildPhase section */
		C1B7582D1E6045900084D67E /* Frameworks */ = {
			isa = PBXFrameworksBuildPhase;
			buildActionMask = 2147483647;
			files = (
				302101A27C81453F8DD1AE1F /* Pods_Octowire.framework in Frameworks */,
			);
			runOnlyForDeploymentPostprocessing = 0;
		};
		C1B758411E6045900084D67E /* Frameworks */ = {
			isa = PBXFrameworksBuildPhase;
			buildActionMask = 2147483647;
			files = (
				CE3831A5D5C065605C2AD696 /* Pods_OctowireTests.framework in Frameworks */,
			);
			runOnlyForDeploymentPostprocessing = 0;
		};
		C1B7584C1E6045900084D67E /* Frameworks */ = {
			isa = PBXFrameworksBuildPhase;
			buildActionMask = 2147483647;
			files = (
				A326AEF8911C6D174C1F2525 /* Pods_OctowireUITests.framework in Frameworks */,
			);
			runOnlyForDeploymentPostprocessing = 0;
		};
/* End PBXFrameworksBuildPhase section */

/* Begin PBXGroup section */
		5B955432FECA45F517877EEF /* Pods */ = {
			isa = PBXGroup;
			children = (
				F9E0D7FBA0334DE7CEA58461 /* Pods-Octowire.debug.xcconfig */,
				52FD014841187E2D52C5FC76 /* Pods-Octowire.release.xcconfig */,
				937DECB61A317CDF8735FA2C /* Pods-OctowireTests.debug.xcconfig */,
				D396AC5C41854E7E176F7633 /* Pods-OctowireTests.release.xcconfig */,
				8CB30126E6E0074B84C33716 /* Pods-OctowireUITests.debug.xcconfig */,
				D3F399EFB0CCC8B69ED9A467 /* Pods-OctowireUITests.release.xcconfig */,
			);
			name = Pods;
			sourceTree = "<group>";
		};
		7E86C0BB1A6BDFCAB4A4AA6D /* Frameworks */ = {
			isa = PBXGroup;
			children = (
				D2BF6D2D02B5AE043238280E /* Pods_Octowire.framework */,
				0D6C5A84F732F9F7CADA58C1 /* Pods_OctowireTests.framework */,
				9FA03CC8771A538D39D41B56 /* Pods_OctowireUITests.framework */,
			);
			name = Frameworks;
			sourceTree = "<group>";
		};
		C120F3B71E6094BC0025FC38 /* Actions */ = {
			isa = PBXGroup;
			children = (
				C120F3BC1E60985A0025FC38 /* ToastActions.swift */,
				C120F3CE1E60CC240025FC38 /* NavigationActions.swift */,
			);
			name = Actions;
			sourceTree = "<group>";
		};
		C120F3B81E6094C40025FC38 /* Reducers */ = {
			isa = PBXGroup;
			children = (
				C120F3C01E60A9050025FC38 /* AppReducer.swift */,
				C120F3C21E60AA0F0025FC38 /* EventsReducer.swift */,
				C120F3BE1E60A8390025FC38 /* ToastReducer.swift */,
				C120F3D01E60CF880025FC38 /* NavigationReducer.swift */,
			);
			name = Reducers;
			sourceTree = "<group>";
		};
		C120F3B91E6097FA0025FC38 /* Models */ = {
			isa = PBXGroup;
			children = (
				C120F3BA1E6098190025FC38 /* ToastModel.swift */,
			);
			name = Models;
			sourceTree = "<group>";
		};
		C120F3C41E60AECB0025FC38 /* ViewControllers */ = {
			isa = PBXGroup;
			children = (
				C17056EB1E6102800050C15D /* EventsViewController.swift */,
				C1B758351E6045900084D67E /* NavigationController.swift */,
				C17056ED1E61028D0050C15D /* UserProfileViewController.swift */,
			);
			name = ViewControllers;
			sourceTree = "<group>";
		};
		C120F3C71E60CAE00025FC38 /* States */ = {
			isa = PBXGroup;
			children = (
				C120F3B51E6093B00025FC38 /* AppState.swift */,
				C120F3C81E60CB120025FC38 /* EventsState.swift */,
				C120F3CA1E60CB2A0025FC38 /* ToastState.swift */,
				C120F3CC1E60CB3B0025FC38 /* NavigationState.swift */,
			);
			name = States;
			sourceTree = "<group>";
		};
		C1B758271E6045900084D67E = {
			isa = PBXGroup;
			children = (
				C1B758321E6045900084D67E /* Octowire */,
				C1B758471E6045900084D67E /* OctowireTests */,
				C1B758521E6045900084D67E /* OctowireUITests */,
				C1B758311E6045900084D67E /* Products */,
				5B955432FECA45F517877EEF /* Pods */,
				7E86C0BB1A6BDFCAB4A4AA6D /* Frameworks */,
			);
			sourceTree = "<group>";
		};
		C1B758311E6045900084D67E /* Products */ = {
			isa = PBXGroup;
			children = (
				C1B758301E6045900084D67E /* Octowire.app */,
				C1B758441E6045900084D67E /* OctowireTests.xctest */,
				C1B7584F1E6045900084D67E /* OctowireUITests.xctest */,
			);
			name = Products;
			sourceTree = "<group>";
		};
		C1B758321E6045900084D67E /* Octowire */ = {
			isa = PBXGroup;
			children = (
				C1B758331E6045900084D67E /* AppDelegate.swift */,
				C120F3D21E60DCEF0025FC38 /* Routes.swift */,
				C120F3C71E60CAE00025FC38 /* States */,
				C120F3B91E6097FA0025FC38 /* Models */,
				C120F3B71E6094BC0025FC38 /* Actions */,
				C120F3B81E6094C40025FC38 /* Reducers */,
				C120F3C41E60AECB0025FC38 /* ViewControllers */,
				C1B758371E6045900084D67E /* Main.storyboard */,
				C1B7583A1E6045900084D67E /* Assets.xcassets */,
				C1B7583C1E6045900084D67E /* LaunchScreen.storyboard */,
				C1B7583F1E6045900084D67E /* Info.plist */,
			);
			path = Octowire;
			sourceTree = "<group>";
		};
		C1B758471E6045900084D67E /* OctowireTests */ = {
			isa = PBXGroup;
			children = (
				C1B7584A1E6045900084D67E /* Info.plist */,
				C120F3C51E60B6BC0025FC38 /* ToastStateSpec.swift */,
				C120F3D41E60E8A10025FC38 /* NavigationStateSpec.swift */,
			);
			path = OctowireTests;
			sourceTree = "<group>";
		};
		C1B758521E6045900084D67E /* OctowireUITests */ = {
			isa = PBXGroup;
			children = (
				C1B758551E6045900084D67E /* Info.plist */,
				C1B758531E6045900084D67E /* OctowireUITests.swift */,
			);
			path = OctowireUITests;
			sourceTree = "<group>";
		};
/* End PBXGroup section */

/* Begin PBXNativeTarget section */
		C1B7582F1E6045900084D67E /* Octowire */ = {
			isa = PBXNativeTarget;
			buildConfigurationList = C1B758581E6045900084D67E /* Build configuration list for PBXNativeTarget "Octowire" */;
			buildPhases = (
				0C444A721AD64A087C2B0B04 /* [CP] Check Pods Manifest.lock */,
				C1B7582C1E6045900084D67E /* Sources */,
				C1B7582D1E6045900084D67E /* Frameworks */,
				C1B7582E1E6045900084D67E /* Resources */,
				29A1BFD731256C9DEA37A9CF /* [CP] Embed Pods Frameworks */,
				4C737036A327D033A5047257 /* [CP] Copy Pods Resources */,
			);
			buildRules = (
			);
			dependencies = (
			);
			name = Octowire;
			productName = Octowire;
			productReference = C1B758301E6045900084D67E /* Octowire.app */;
			productType = "com.apple.product-type.application";
		};
		C1B758431E6045900084D67E /* OctowireTests */ = {
			isa = PBXNativeTarget;
			buildConfigurationList = C1B7585B1E6045900084D67E /* Build configuration list for PBXNativeTarget "OctowireTests" */;
			buildPhases = (
				BBCFE7DB0F39FB6EE3CAD77F /* [CP] Check Pods Manifest.lock */,
				C1B758401E6045900084D67E /* Sources */,
				C1B758411E6045900084D67E /* Frameworks */,
				C1B758421E6045900084D67E /* Resources */,
				306855E36CAEF8ABBBE88B50 /* [CP] Embed Pods Frameworks */,
				E3179D992C1B224240DFB9F9 /* [CP] Copy Pods Resources */,
			);
			buildRules = (
			);
			dependencies = (
				C1B758461E6045900084D67E /* PBXTargetDependency */,
			);
			name = OctowireTests;
			productName = OctowireTests;
			productReference = C1B758441E6045900084D67E /* OctowireTests.xctest */;
			productType = "com.apple.product-type.bundle.unit-test";
		};
		C1B7584E1E6045900084D67E /* OctowireUITests */ = {
			isa = PBXNativeTarget;
			buildConfigurationList = C1B7585E1E6045900084D67E /* Build configuration list for PBXNativeTarget "OctowireUITests" */;
			buildPhases = (
				9041D243C3EC1054669FD343 /* [CP] Check Pods Manifest.lock */,
				C1B7584B1E6045900084D67E /* Sources */,
				C1B7584C1E6045900084D67E /* Frameworks */,
				C1B7584D1E6045900084D67E /* Resources */,
				ACF5C4CC7A353F6FA78A6370 /* [CP] Embed Pods Frameworks */,
				977C9D9A3482E32678126DD1 /* [CP] Copy Pods Resources */,
			);
			buildRules = (
			);
			dependencies = (
				C1B758511E6045900084D67E /* PBXTargetDependency */,
			);
			name = OctowireUITests;
			productName = OctowireUITests;
			productReference = C1B7584F1E6045900084D67E /* OctowireUITests.xctest */;
			productType = "com.apple.product-type.bundle.ui-testing";
		};
/* End PBXNativeTarget section */

/* Begin PBXProject section */
		C1B758281E6045900084D67E /* Project object */ = {
			isa = PBXProject;
			attributes = {
				LastSwiftUpdateCheck = 0820;
				LastUpgradeCheck = 0820;
				ORGANIZATIONNAME = "Mart Roosmaa";
				TargetAttributes = {
					C1B7582F1E6045900084D67E = {
						CreatedOnToolsVersion = 8.2.1;
						ProvisioningStyle = Automatic;
					};
					C1B758431E6045900084D67E = {
						CreatedOnToolsVersion = 8.2.1;
						ProvisioningStyle = Automatic;
						TestTargetID = C1B7582F1E6045900084D67E;
					};
					C1B7584E1E6045900084D67E = {
						CreatedOnToolsVersion = 8.2.1;
						ProvisioningStyle = Automatic;
						TestTargetID = C1B7582F1E6045900084D67E;
					};
				};
			};
			buildConfigurationList = C1B7582B1E6045900084D67E /* Build configuration list for PBXProject "Octowire" */;
			compatibilityVersion = "Xcode 3.2";
			developmentRegion = English;
			hasScannedForEncodings = 0;
			knownRegions = (
				en,
				Base,
			);
			mainGroup = C1B758271E6045900084D67E;
			productRefGroup = C1B758311E6045900084D67E /* Products */;
			projectDirPath = "";
			projectRoot = "";
			targets = (
				C1B7582F1E6045900084D67E /* Octowire */,
				C1B758431E6045900084D67E /* OctowireTests */,
				C1B7584E1E6045900084D67E /* OctowireUITests */,
			);
		};
/* End PBXProject section */

/* Begin PBXResourcesBuildPhase section */
		C1B7582E1E6045900084D67E /* Resources */ = {
			isa = PBXResourcesBuildPhase;
			buildActionMask = 2147483647;
			files = (
				C1B7583E1E6045900084D67E /* LaunchScreen.storyboard in Resources */,
				C1B7583B1E6045900084D67E /* Assets.xcassets in Resources */,
				C1B758391E6045900084D67E /* Main.storyboard in Resources */,
			);
			runOnlyForDeploymentPostprocessing = 0;
		};
		C1B758421E6045900084D67E /* Resources */ = {
			isa = PBXResourcesBuildPhase;
			buildActionMask = 2147483647;
			files = (
			);
			runOnlyForDeploymentPostprocessing = 0;
		};
		C1B7584D1E6045900084D67E /* Resources */ = {
			isa = PBXResourcesBuildPhase;
			buildActionMask = 2147483647;
			files = (
			);
			runOnlyForDeploymentPostprocessing = 0;
		};
/* End PBXResourcesBuildPhase section */

/* Begin PBXShellScriptBuildPhase section */
		0C444A721AD64A087C2B0B04 /* [CP] Check Pods Manifest.lock */ = {
			isa = PBXShellScriptBuildPhase;
			buildActionMask = 2147483647;
			files = (
			);
			inputPaths = (
			);
			name = "[CP] Check Pods Manifest.lock";
			outputPaths = (
			);
			runOnlyForDeploymentPostprocessing = 0;
			shellPath = /bin/sh;
			shellScript = "diff \"${PODS_ROOT}/../Podfile.lock\" \"${PODS_ROOT}/Manifest.lock\" > /dev/null\nif [ $? != 0 ] ; then\n    # print error to STDERR\n    echo \"error: The sandbox is not in sync with the Podfile.lock. Run 'pod install' or update your CocoaPods installation.\" >&2\n    exit 1\nfi\n";
			showEnvVarsInLog = 0;
		};
		29A1BFD731256C9DEA37A9CF /* [CP] Embed Pods Frameworks */ = {
			isa = PBXShellScriptBuildPhase;
			buildActionMask = 2147483647;
			files = (
			);
			inputPaths = (
			);
			name = "[CP] Embed Pods Frameworks";
			outputPaths = (
			);
			runOnlyForDeploymentPostprocessing = 0;
			shellPath = /bin/sh;
			shellScript = "\"${SRCROOT}/Pods/Target Support Files/Pods-Octowire/Pods-Octowire-frameworks.sh\"\n";
			showEnvVarsInLog = 0;
		};
		306855E36CAEF8ABBBE88B50 /* [CP] Embed Pods Frameworks */ = {
			isa = PBXShellScriptBuildPhase;
			buildActionMask = 2147483647;
			files = (
			);
			inputPaths = (
			);
			name = "[CP] Embed Pods Frameworks";
			outputPaths = (
			);
			runOnlyForDeploymentPostprocessing = 0;
			shellPath = /bin/sh;
			shellScript = "\"${SRCROOT}/Pods/Target Support Files/Pods-OctowireTests/Pods-OctowireTests-frameworks.sh\"\n";
			showEnvVarsInLog = 0;
		};
		4C737036A327D033A5047257 /* [CP] Copy Pods Resources */ = {
			isa = PBXShellScriptBuildPhase;
			buildActionMask = 2147483647;
			files = (
			);
			inputPaths = (
			);
			name = "[CP] Copy Pods Resources";
			outputPaths = (
			);
			runOnlyForDeploymentPostprocessing = 0;
			shellPath = /bin/sh;
			shellScript = "\"${SRCROOT}/Pods/Target Support Files/Pods-Octowire/Pods-Octowire-resources.sh\"\n";
			showEnvVarsInLog = 0;
		};
		9041D243C3EC1054669FD343 /* [CP] Check Pods Manifest.lock */ = {
			isa = PBXShellScriptBuildPhase;
			buildActionMask = 2147483647;
			files = (
			);
			inputPaths = (
			);
			name = "[CP] Check Pods Manifest.lock";
			outputPaths = (
			);
			runOnlyForDeploymentPostprocessing = 0;
			shellPath = /bin/sh;
			shellScript = "diff \"${PODS_ROOT}/../Podfile.lock\" \"${PODS_ROOT}/Manifest.lock\" > /dev/null\nif [ $? != 0 ] ; then\n    # print error to STDERR\n    echo \"error: The sandbox is not in sync with the Podfile.lock. Run 'pod install' or update your CocoaPods installation.\" >&2\n    exit 1\nfi\n";
			showEnvVarsInLog = 0;
		};
		977C9D9A3482E32678126DD1 /* [CP] Copy Pods Resources */ = {
			isa = PBXShellScriptBuildPhase;
			buildActionMask = 2147483647;
			files = (
			);
			inputPaths = (
			);
			name = "[CP] Copy Pods Resources";
			outputPaths = (
			);
			runOnlyForDeploymentPostprocessing = 0;
			shellPath = /bin/sh;
			shellScript = "\"${SRCROOT}/Pods/Target Support Files/Pods-OctowireUITests/Pods-OctowireUITests-resources.sh\"\n";
			showEnvVarsInLog = 0;
		};
		ACF5C4CC7A353F6FA78A6370 /* [CP] Embed Pods Frameworks */ = {
			isa = PBXShellScriptBuildPhase;
			buildActionMask = 2147483647;
			files = (
			);
			inputPaths = (
			);
			name = "[CP] Embed Pods Frameworks";
			outputPaths = (
			);
			runOnlyForDeploymentPostprocessing = 0;
			shellPath = /bin/sh;
			shellScript = "\"${SRCROOT}/Pods/Target Support Files/Pods-OctowireUITests/Pods-OctowireUITests-frameworks.sh\"\n";
			showEnvVarsInLog = 0;
		};
		BBCFE7DB0F39FB6EE3CAD77F /* [CP] Check Pods Manifest.lock */ = {
			isa = PBXShellScriptBuildPhase;
			buildActionMask = 2147483647;
			files = (
			);
			inputPaths = (
			);
			name = "[CP] Check Pods Manifest.lock";
			outputPaths = (
			);
			runOnlyForDeploymentPostprocessing = 0;
			shellPath = /bin/sh;
			shellScript = "diff \"${PODS_ROOT}/../Podfile.lock\" \"${PODS_ROOT}/Manifest.lock\" > /dev/null\nif [ $? != 0 ] ; then\n    # print error to STDERR\n    echo \"error: The sandbox is not in sync with the Podfile.lock. Run 'pod install' or update your CocoaPods installation.\" >&2\n    exit 1\nfi\n";
			showEnvVarsInLog = 0;
		};
		E3179D992C1B224240DFB9F9 /* [CP] Copy Pods Resources */ = {
			isa = PBXShellScriptBuildPhase;
			buildActionMask = 2147483647;
			files = (
			);
			inputPaths = (
			);
			name = "[CP] Copy Pods Resources";
			outputPaths = (
			);
			runOnlyForDeploymentPostprocessing = 0;
			shellPath = /bin/sh;
			shellScript = "\"${SRCROOT}/Pods/Target Support Files/Pods-OctowireTests/Pods-OctowireTests-resources.sh\"\n";
			showEnvVarsInLog = 0;
		};
/* End PBXShellScriptBuildPhase section */

/* Begin PBXSourcesBuildPhase section */
		C1B7582C1E6045900084D67E /* Sources */ = {
			isa = PBXSourcesBuildPhase;
			buildActionMask = 2147483647;
			files = (
				C120F3BF1E60A8390025FC38 /* ToastReducer.swift in Sources */,
				C120F3D31E60DCEF0025FC38 /* Routes.swift in Sources */,
				C120F3CB1E60CB2A0025FC38 /* ToastState.swift in Sources */,
				C120F3BD1E60985A0025FC38 /* ToastActions.swift in Sources */,
				C120F3C11E60A9050025FC38 /* AppReducer.swift in Sources */,
				C120F3D11E60CF880025FC38 /* NavigationReducer.swift in Sources */,
				C120F3B61E6093B00025FC38 /* AppState.swift in Sources */,
				C120F3CD1E60CB3B0025FC38 /* NavigationState.swift in Sources */,
				C120F3C91E60CB120025FC38 /* EventsState.swift in Sources */,
				C17056EE1E61028D0050C15D /* UserProfileViewController.swift in Sources */,
				C120F3CF1E60CC240025FC38 /* NavigationActions.swift in Sources */,
				C1B758361E6045900084D67E /* NavigationController.swift in Sources */,
				C120F3C31E60AA0F0025FC38 /* EventsReducer.swift in Sources */,
				C1B758341E6045900084D67E /* AppDelegate.swift in Sources */,
				C120F3BB1E6098190025FC38 /* ToastModel.swift in Sources */,
				C17056EC1E6102800050C15D /* EventsViewController.swift in Sources */,
			);
			runOnlyForDeploymentPostprocessing = 0;
		};
		C1B758401E6045900084D67E /* Sources */ = {
			isa = PBXSourcesBuildPhase;
			buildActionMask = 2147483647;
			files = (
				C120F3D51E60E8A10025FC38 /* NavigationStateSpec.swift in Sources */,
				C120F3C61E60B6BC0025FC38 /* ToastStateSpec.swift in Sources */,
			);
			runOnlyForDeploymentPostprocessing = 0;
		};
		C1B7584B1E6045900084D67E /* Sources */ = {
			isa = PBXSourcesBuildPhase;
			buildActionMask = 2147483647;
			files = (
				C1B758541E6045900084D67E /* OctowireUITests.swift in Sources */,
			);
			runOnlyForDeploymentPostprocessing = 0;
		};
/* End PBXSourcesBuildPhase section */

/* Begin PBXTargetDependency section */
		C1B758461E6045900084D67E /* PBXTargetDependency */ = {
			isa = PBXTargetDependency;
			target = C1B7582F1E6045900084D67E /* Octowire */;
			targetProxy = C1B758451E6045900084D67E /* PBXContainerItemProxy */;
		};
		C1B758511E6045900084D67E /* PBXTargetDependency */ = {
			isa = PBXTargetDependency;
			target = C1B7582F1E6045900084D67E /* Octowire */;
			targetProxy = C1B758501E6045900084D67E /* PBXContainerItemProxy */;
		};
/* End PBXTargetDependency section */

/* Begin PBXVariantGroup section */
		C1B758371E6045900084D67E /* Main.storyboard */ = {
			isa = PBXVariantGroup;
			children = (
				C1B758381E6045900084D67E /* Base */,
			);
			name = Main.storyboard;
			sourceTree = "<group>";
		};
		C1B7583C1E6045900084D67E /* LaunchScreen.storyboard */ = {
			isa = PBXVariantGroup;
			children = (
				C1B7583D1E6045900084D67E /* Base */,
			);
			name = LaunchScreen.storyboard;
			sourceTree = "<group>";
		};
/* End PBXVariantGroup section */

/* Begin XCBuildConfiguration section */
		C1B758561E6045900084D67E /* Debug */ = {
			isa = XCBuildConfiguration;
			buildSettings = {
				ALWAYS_EMBED_SWIFT_STANDARD_LIBRARIES = "$(inherited)";
				ALWAYS_SEARCH_USER_PATHS = NO;
				CLANG_ANALYZER_NONNULL = YES;
				CLANG_CXX_LANGUAGE_STANDARD = "gnu++0x";
				CLANG_CXX_LIBRARY = "libc++";
				CLANG_ENABLE_MODULES = YES;
				CLANG_ENABLE_OBJC_ARC = YES;
				CLANG_WARN_BOOL_CONVERSION = YES;
				CLANG_WARN_CONSTANT_CONVERSION = YES;
				CLANG_WARN_DIRECT_OBJC_ISA_USAGE = YES_ERROR;
				CLANG_WARN_DOCUMENTATION_COMMENTS = YES;
				CLANG_WARN_EMPTY_BODY = YES;
				CLANG_WARN_ENUM_CONVERSION = YES;
				CLANG_WARN_INFINITE_RECURSION = YES;
				CLANG_WARN_INT_CONVERSION = YES;
				CLANG_WARN_OBJC_ROOT_CLASS = YES_ERROR;
				CLANG_WARN_SUSPICIOUS_MOVE = YES;
				CLANG_WARN_UNREACHABLE_CODE = YES;
				CLANG_WARN__DUPLICATE_METHOD_MATCH = YES;
				"CODE_SIGN_IDENTITY[sdk=iphoneos*]" = "iPhone Developer";
				COPY_PHASE_STRIP = NO;
				DEBUG_INFORMATION_FORMAT = dwarf;
				ENABLE_STRICT_OBJC_MSGSEND = YES;
				ENABLE_TESTABILITY = YES;
				GCC_C_LANGUAGE_STANDARD = gnu99;
				GCC_DYNAMIC_NO_PIC = NO;
				GCC_NO_COMMON_BLOCKS = YES;
				GCC_OPTIMIZATION_LEVEL = 0;
				GCC_PREPROCESSOR_DEFINITIONS = (
					"DEBUG=1",
					"$(inherited)",
				);
				GCC_WARN_64_TO_32_BIT_CONVERSION = YES;
				GCC_WARN_ABOUT_RETURN_TYPE = YES_ERROR;
				GCC_WARN_UNDECLARED_SELECTOR = YES;
				GCC_WARN_UNINITIALIZED_AUTOS = YES_AGGRESSIVE;
				GCC_WARN_UNUSED_FUNCTION = YES;
				GCC_WARN_UNUSED_VARIABLE = YES;
				IPHONEOS_DEPLOYMENT_TARGET = 10.2;
				MTL_ENABLE_DEBUG_INFO = YES;
				ONLY_ACTIVE_ARCH = YES;
				SDKROOT = iphoneos;
				SWIFT_ACTIVE_COMPILATION_CONDITIONS = DEBUG;
				SWIFT_OPTIMIZATION_LEVEL = "-Onone";
				TARGETED_DEVICE_FAMILY = "1,2";
			};
			name = Debug;
		};
		C1B758571E6045900084D67E /* Release */ = {
			isa = XCBuildConfiguration;
			buildSettings = {
				ALWAYS_EMBED_SWIFT_STANDARD_LIBRARIES = "$(inherited)";
				ALWAYS_SEARCH_USER_PATHS = NO;
				CLANG_ANALYZER_NONNULL = YES;
				CLANG_CXX_LANGUAGE_STANDARD = "gnu++0x";
				CLANG_CXX_LIBRARY = "libc++";
				CLANG_ENABLE_MODULES = YES;
				CLANG_ENABLE_OBJC_ARC = YES;
				CLANG_WARN_BOOL_CONVERSION = YES;
				CLANG_WARN_CONSTANT_CONVERSION = YES;
				CLANG_WARN_DIRECT_OBJC_ISA_USAGE = YES_ERROR;
				CLANG_WARN_DOCUMENTATION_COMMENTS = YES;
				CLANG_WARN_EMPTY_BODY = YES;
				CLANG_WARN_ENUM_CONVERSION = YES;
				CLANG_WARN_INFINITE_RECURSION = YES;
				CLANG_WARN_INT_CONVERSION = YES;
				CLANG_WARN_OBJC_ROOT_CLASS = YES_ERROR;
				CLANG_WARN_SUSPICIOUS_MOVE = YES;
				CLANG_WARN_UNREACHABLE_CODE = YES;
				CLANG_WARN__DUPLICATE_METHOD_MATCH = YES;
				"CODE_SIGN_IDENTITY[sdk=iphoneos*]" = "iPhone Developer";
				COPY_PHASE_STRIP = NO;
				DEBUG_INFORMATION_FORMAT = "dwarf-with-dsym";
				ENABLE_NS_ASSERTIONS = NO;
				ENABLE_STRICT_OBJC_MSGSEND = YES;
				GCC_C_LANGUAGE_STANDARD = gnu99;
				GCC_NO_COMMON_BLOCKS = YES;
				GCC_WARN_64_TO_32_BIT_CONVERSION = YES;
				GCC_WARN_ABOUT_RETURN_TYPE = YES_ERROR;
				GCC_WARN_UNDECLARED_SELECTOR = YES;
				GCC_WARN_UNINITIALIZED_AUTOS = YES_AGGRESSIVE;
				GCC_WARN_UNUSED_FUNCTION = YES;
				GCC_WARN_UNUSED_VARIABLE = YES;
				IPHONEOS_DEPLOYMENT_TARGET = 10.2;
				MTL_ENABLE_DEBUG_INFO = NO;
				SDKROOT = iphoneos;
				SWIFT_OPTIMIZATION_LEVEL = "-Owholemodule";
				TARGETED_DEVICE_FAMILY = "1,2";
				VALIDATE_PRODUCT = YES;
			};
			name = Release;
		};
		C1B758591E6045900084D67E /* Debug */ = {
			isa = XCBuildConfiguration;
			baseConfigurationReference = F9E0D7FBA0334DE7CEA58461 /* Pods-Octowire.debug.xcconfig */;
			buildSettings = {
				ALWAYS_EMBED_SWIFT_STANDARD_LIBRARIES = "$(inherited)";
				ASSETCATALOG_COMPILER_APPICON_NAME = AppIcon;
				INFOPLIST_FILE = Octowire/Info.plist;
				LD_RUNPATH_SEARCH_PATHS = "$(inherited) @executable_path/Frameworks";
				PRODUCT_BUNDLE_IDENTIFIER = net.roosmaa.Octowire;
				PRODUCT_NAME = "$(TARGET_NAME)";
				SWIFT_VERSION = 3.0;
			};
			name = Debug;
		};
		C1B7585A1E6045900084D67E /* Release */ = {
			isa = XCBuildConfiguration;
			baseConfigurationReference = 52FD014841187E2D52C5FC76 /* Pods-Octowire.release.xcconfig */;
			buildSettings = {
				ALWAYS_EMBED_SWIFT_STANDARD_LIBRARIES = "$(inherited)";
				ASSETCATALOG_COMPILER_APPICON_NAME = AppIcon;
				INFOPLIST_FILE = Octowire/Info.plist;
				LD_RUNPATH_SEARCH_PATHS = "$(inherited) @executable_path/Frameworks";
				PRODUCT_BUNDLE_IDENTIFIER = net.roosmaa.Octowire;
				PRODUCT_NAME = "$(TARGET_NAME)";
				SWIFT_VERSION = 3.0;
			};
			name = Release;
		};
		C1B7585C1E6045900084D67E /* Debug */ = {
			isa = XCBuildConfiguration;
			baseConfigurationReference = 937DECB61A317CDF8735FA2C /* Pods-OctowireTests.debug.xcconfig */;
			buildSettings = {
				ALWAYS_EMBED_SWIFT_STANDARD_LIBRARIES = "$(inherited)";
				BUNDLE_LOADER = "$(TEST_HOST)";
				INFOPLIST_FILE = OctowireTests/Info.plist;
				LD_RUNPATH_SEARCH_PATHS = "$(inherited) @executable_path/Frameworks @loader_path/Frameworks";
				PRODUCT_BUNDLE_IDENTIFIER = net.roosmaa.OctowireTests;
				PRODUCT_NAME = "$(TARGET_NAME)";
				SWIFT_VERSION = 3.0;
				TEST_HOST = "$(BUILT_PRODUCTS_DIR)/Octowire.app/Octowire";
			};
			name = Debug;
		};
		C1B7585D1E6045900084D67E /* Release */ = {
			isa = XCBuildConfiguration;
			baseConfigurationReference = D396AC5C41854E7E176F7633 /* Pods-OctowireTests.release.xcconfig */;
			buildSettings = {
				ALWAYS_EMBED_SWIFT_STANDARD_LIBRARIES = "$(inherited)";
				BUNDLE_LOADER = "$(TEST_HOST)";
				INFOPLIST_FILE = OctowireTests/Info.plist;
				LD_RUNPATH_SEARCH_PATHS = "$(inherited) @executable_path/Frameworks @loader_path/Frameworks";
				PRODUCT_BUNDLE_IDENTIFIER = net.roosmaa.OctowireTests;
				PRODUCT_NAME = "$(TARGET_NAME)";
				SWIFT_VERSION = 3.0;
				TEST_HOST = "$(BUILT_PRODUCTS_DIR)/Octowire.app/Octowire";
			};
			name = Release;
		};
		C1B7585F1E6045900084D67E /* Debug */ = {
			isa = XCBuildConfiguration;
			baseConfigurationReference = 8CB30126E6E0074B84C33716 /* Pods-OctowireUITests.debug.xcconfig */;
			buildSettings = {
				ALWAYS_EMBED_SWIFT_STANDARD_LIBRARIES = "$(inherited)";
				INFOPLIST_FILE = OctowireUITests/Info.plist;
				LD_RUNPATH_SEARCH_PATHS = "$(inherited) @executable_path/Frameworks @loader_path/Frameworks";
				PRODUCT_BUNDLE_IDENTIFIER = net.roosmaa.OctowireUITests;
				PRODUCT_NAME = "$(TARGET_NAME)";
				SWIFT_VERSION = 3.0;
				TEST_TARGET_NAME = Octowire;
			};
			name = Debug;
		};
		C1B758601E6045900084D67E /* Release */ = {
			isa = XCBuildConfiguration;
			baseConfigurationReference = D3F399EFB0CCC8B69ED9A467 /* Pods-OctowireUITests.release.xcconfig */;
			buildSettings = {
				ALWAYS_EMBED_SWIFT_STANDARD_LIBRARIES = "$(inherited)";
				INFOPLIST_FILE = OctowireUITests/Info.plist;
				LD_RUNPATH_SEARCH_PATHS = "$(inherited) @executable_path/Frameworks @loader_path/Frameworks";
				PRODUCT_BUNDLE_IDENTIFIER = net.roosmaa.OctowireUITests;
				PRODUCT_NAME = "$(TARGET_NAME)";
				SWIFT_VERSION = 3.0;
				TEST_TARGET_NAME = Octowire;
			};
			name = Release;
		};
/* End XCBuildConfiguration section */

/* Begin XCConfigurationList section */
		C1B7582B1E6045900084D67E /* Build configuration list for PBXProject "Octowire" */ = {
			isa = XCConfigurationList;
			buildConfigurations = (
				C1B758561E6045900084D67E /* Debug */,
				C1B758571E6045900084D67E /* Release */,
			);
			defaultConfigurationIsVisible = 0;
			defaultConfigurationName = Release;
		};
		C1B758581E6045900084D67E /* Build configuration list for PBXNativeTarget "Octowire" */ = {
			isa = XCConfigurationList;
			buildConfigurations = (
				C1B758591E6045900084D67E /* Debug */,
				C1B7585A1E6045900084D67E /* Release */,
			);
			defaultConfigurationIsVisible = 0;
			defaultConfigurationName = Release;
		};
		C1B7585B1E6045900084D67E /* Build configuration list for PBXNativeTarget "OctowireTests" */ = {
			isa = XCConfigurationList;
			buildConfigurations = (
				C1B7585C1E6045900084D67E /* Debug */,
				C1B7585D1E6045900084D67E /* Release */,
			);
			defaultConfigurationIsVisible = 0;
			defaultConfigurationName = Release;
		};
		C1B7585E1E6045900084D67E /* Build configuration list for PBXNativeTarget "OctowireUITests" */ = {
			isa = XCConfigurationList;
			buildConfigurations = (
				C1B7585F1E6045900084D67E /* Debug */,
				C1B758601E6045900084D67E /* Release */,
			);
			defaultConfigurationIsVisible = 0;
			defaultConfigurationName = Release;
		};
/* End XCConfigurationList section */
	};
	rootObject = C1B758281E6045900084D67E /* Project object */;
}
